[[package]]
category = "main"
description = "The AWS SDK for Python"
name = "boto3"
optional = false
python-versions = "*"
version = "1.12.22"

[package.dependencies]
botocore = ">=1.15.22,<1.16.0"
jmespath = ">=0.7.1,<1.0.0"
s3transfer = ">=0.3.0,<0.4.0"

[[package]]
category = "main"
description = "Low-level, data-driven core of boto 3."
name = "botocore"
optional = false
python-versions = "*"
version = "1.15.22"

[package.dependencies]
docutils = ">=0.10,<0.16"
jmespath = ">=0.7.1,<1.0.0"
python-dateutil = ">=2.1,<3.0.0"

[package.dependencies.urllib3]
python = "<3.4.0 || >=3.5.0"
version = ">=1.20,<1.26"

[[package]]
category = "main"
description = "AWS boto3 objects for python"
name = "ccaaws"
optional = false
python-versions = ">=3.6,<4.0"
version = "0.4.4"

[package.dependencies]
boto3 = ">=1.11.5,<2.0.0"
ccalogging = ">=0.3.3,<0.4.0"
ccautils = ">=0.4.0,<0.5.0"

[[package]]
category = "main"
description = "python module for easy logging"
name = "ccalogging"
optional = false
python-versions = ">=3"
version = "0.3.3"

[[package]]
category = "main"
description = "A set of useful utilities for python programs"
name = "ccautils"
optional = false
python-versions = ">=3.6,<4.0"
version = "0.4.2"

[package.dependencies]
python-dateutil = ">=2.8.1,<3.0.0"
toml = ">=0.10.0,<0.11.0"

[[package]]
category = "main"
description = "Docutils -- Python Documentation Utilities"
name = "docutils"
optional = false
python-versions = ">=2.6, !=3.0.*, !=3.1.*, !=3.2.*"
version = "0.15.2"

[[package]]
category = "main"
description = "JSON Matching Expressions"
name = "jmespath"
optional = false
python-versions = "*"
version = "0.9.5"

[[package]]
category = "main"
description = "Extensions to the standard Python datetime module"
name = "python-dateutil"
optional = false
python-versions = "!=3.0.*,!=3.1.*,!=3.2.*,>=2.7"
version = "2.8.1"

[package.dependencies]
six = ">=1.5"

[[package]]
category = "main"
description = "An Amazon S3 Transfer Manager"
name = "s3transfer"
optional = false
python-versions = "*"
version = "0.3.3"

[package.dependencies]
botocore = ">=1.12.36,<2.0a.0"

[[package]]
category = "main"
description = "Python 2 and 3 compatibility utilities"
name = "six"
optional = false
python-versions = ">=2.7, !=3.0.*, !=3.1.*, !=3.2.*"
version = "1.14.0"

[[package]]
category = "main"
description = "Python Library for Tom's Obvious, Minimal Language"
name = "toml"
optional = false
python-versions = "*"
version = "0.10.0"

[[package]]
category = "main"
description = "HTTP library with thread-safe connection pooling, file post, and more."
marker = "python_version != \"3.4\""
name = "urllib3"
optional = false
python-versions = ">=2.7, !=3.0.*, !=3.1.*, !=3.2.*, !=3.3.*, !=3.4.*, <4"
version = "1.25.8"

[package.extras]
brotli = ["brotlipy (>=0.6.0)"]
secure = ["pyOpenSSL (>=0.14)", "cryptography (>=1.3.4)", "idna (>=2.0.0)", "certifi", "ipaddress"]
socks = ["PySocks (>=1.5.6,<1.5.7 || >1.5.7,<2.0)"]

[metadata]
content-hash = "f6b393a285d1a584bd198d2c4c1f82b8c3f1fd3cd22c02b8da927524e10dd70a"
python-versions = "^3.6"

[metadata.files]
boto3 = [
    {file = "boto3-1.12.22-py2.py3-none-any.whl", hash = "sha256:e3cf4a0e1a6d79d2761b6ab050cb897a4e753f625524d15c01540f9522a11874"},
    {file = "boto3-1.12.22.tar.gz", hash = "sha256:172f07391ad6bd261336cddaf988944b2d8e528a7c036d82c7841676cbc935ec"},
]
botocore = [
    {file = "botocore-1.15.22-py2.py3-none-any.whl", hash = "sha256:b8b399828d6dfe8ee879c22aa313591c183b78a8733df437ba84d9f39cd1b219"},
    {file = "botocore-1.15.22.tar.gz", hash = "sha256:ac6b6ae659b797f7bb106a7bee5ff1c7de9ece85e542a334a1cd618f9f2782cc"},
]
ccaaws = [
    {file = "ccaaws-0.4.4-py3-none-any.whl", hash = "sha256:792fa3794d8c61c17f9a3e202ec23b0a4a1ffcc280acc8f4feb0af8ad9241a7c"},
    {file = "ccaaws-0.4.4.tar.gz", hash = "sha256:840a63087d3977879257b0ccd686483129c0773ca802835eb955a626b00542f3"},
]
ccalogging = [
    {file = "ccalogging-0.3.3-py3-none-any.whl", hash = "sha256:8ecc79d6198f78fa1a05b56b47ae7cad997c87c8ed1470a6d47920823fd6704b"},
    {file = "ccalogging-0.3.3.tar.gz", hash = "sha256:c7a5338f1b783afec97fb187ded577ffc39c9e01ddaa68f7faf26b60744a71ac"},
]
ccautils = [
    {file = "ccautils-0.4.2-py3-none-any.whl", hash = "sha256:d2a88c3122bab91ac055b35bfae89f6ac226a3796ad00f79a0a6d4a69cfce126"},
    {file = "ccautils-0.4.2.tar.gz", hash = "sha256:f0b1beb3c7d74a75ad89591e96ce20c67fe5775c9433725837e2f54221630a40"},
]
docutils = [
    {file = "docutils-0.15.2-py2-none-any.whl", hash = "sha256:9e4d7ecfc600058e07ba661411a2b7de2fd0fafa17d1a7f7361cd47b1175c827"},
    {file = "docutils-0.15.2-py3-none-any.whl", hash = "sha256:6c4f696463b79f1fb8ba0c594b63840ebd41f059e92b31957c46b74a4599b6d0"},
    {file = "docutils-0.15.2.tar.gz", hash = "sha256:a2aeea129088da402665e92e0b25b04b073c04b2dce4ab65caaa38b7ce2e1a99"},
]
jmespath = [
    {file = "jmespath-0.9.5-py2.py3-none-any.whl", hash = "sha256:695cb76fa78a10663425d5b73ddc5714eb711157e52704d69be03b1a02ba4fec"},
    {file = "jmespath-0.9.5.tar.gz", hash = "sha256:cca55c8d153173e21baa59983015ad0daf603f9cb799904ff057bfb8ff8dc2d9"},
]
python-dateutil = [
    {file = "python-dateutil-2.8.1.tar.gz", hash = "sha256:73ebfe9dbf22e832286dafa60473e4cd239f8592f699aa5adaf10050e6e1823c"},
    {file = "python_dateutil-2.8.1-py2.py3-none-any.whl", hash = "sha256:75bb3f31ea686f1197762692a9ee6a7550b59fc6ca3a1f4b5d7e32fb98e2da2a"},
]
s3transfer = [
    {file = "s3transfer-0.3.3-py2.py3-none-any.whl", hash = "sha256:2482b4259524933a022d59da830f51bd746db62f047d6eb213f2f8855dcb8a13"},
    {file = "s3transfer-0.3.3.tar.gz", hash = "sha256:921a37e2aefc64145e7b73d50c71bb4f26f46e4c9f414dc648c6245ff92cf7db"},
]
six = [
    {file = "six-1.14.0-py2.py3-none-any.whl", hash = "sha256:8f3cd2e254d8f793e7f3d6d9df77b92252b52637291d0f0da013c76ea2724b6c"},
    {file = "six-1.14.0.tar.gz", hash = "sha256:236bdbdce46e6e6a3d61a337c0f8b763ca1e8717c03b369e87a7ec7ce1319c0a"},
]
toml = [
    {file = "toml-0.10.0-py2.7.egg", hash = "sha256:f1db651f9657708513243e61e6cc67d101a39bad662eaa9b5546f789338e07a3"},
    {file = "toml-0.10.0-py2.py3-none-any.whl", hash = "sha256:235682dd292d5899d361a811df37e04a8828a5b1da3115886b73cf81ebc9100e"},
    {file = "toml-0.10.0.tar.gz", hash = "sha256:229f81c57791a41d65e399fc06bf0848bab550a9dfd5ed66df18ce5f05e73d5c"},
]
urllib3 = [
    {file = "urllib3-1.25.8-py2.py3-none-any.whl", hash = "sha256:2f3db8b19923a873b3e5256dc9c2dedfa883e33d87c690d9c7913e1f40673cdc"},
    {file = "urllib3-1.25.8.tar.gz", hash = "sha256:87716c2d2a7121198ebcb7ce7cccf6ce5e9ba539041cfbaeecfb641dc0bf6acc"},
]
